
Microsoft Visual Studio Solution File, Format Version 12.00
# Visual Studio Version 17
VisualStudioVersion = 17.5.002.0
MinimumVisualStudioVersion = 10.0.40219.1
Project("{9A19103F-16F7-4668-BE54-9A1E7A4F7556}") = "practice1", "practice1.csproj", "{ED842EBB-37F9-455D-B608-A3AA493F138A}"
EndProject
Project("{FAE04EC0-301F-11D3-BF4B-00C04F79EFBC}") = "Class2", "Class2\Class2.csproj", "{17FB9758-791E-4B4A-ACC8-154A0D315862}"
EndProject
Global
	GlobalSection(SolutionConfigurationPlatforms) = preSolution
		Debug|Any CPU = Debug|Any CPU
		Release|Any CPU = Release|Any CPU
	EndGlobalSection
	GlobalSection(ProjectConfigurationPlatforms) = postSolution
		{ED842EBB-37F9-455D-B608-A3AA493F138A}.Debug|Any CPU.ActiveCfg = Debug|Any CPU
		{ED842EBB-37F9-455D-B608-A3AA493F138A}.Debug|Any CPU.Build.0 = Debug|Any CPU
		{ED842EBB-37F9-455D-B608-A3AA493F138A}.Release|Any CPU.ActiveCfg = Release|Any CPU
		{ED842EBB-37F9-455D-B608-A3AA493F138A}.Release|Any CPU.Build.0 = Release|Any CPU
		{17FB9758-791E-4B4A-ACC8-154A0D315862}.Debug|Any CPU.ActiveCfg = Debug|Any CPU
		{17FB9758-791E-4B4A-ACC8-154A0D315862}.Debug|Any CPU.Build.0 = Debug|Any CPU
		{17FB9758-791E-4B4A-ACC8-154A0D315862}.Release|Any CPU.ActiveCfg = Release|Any CPU
		{17FB9758-791E-4B4A-ACC8-154A0D315862}.Release|Any CPU.Build.0 = Release|Any CPU
	EndGlobalSection
	GlobalSection(SolutionProperties) = preSolution
		HideSolutionNode = FALSE
	EndGlobalSection
	GlobalSection(ExtensibilityGlobals) = postSolution
		SolutionGuid = {24A82413-EE01-4644-B521-A41578236AF7}
	EndGlobalSection
EndGlobal
